
Microsoft Visual Studio Solution File, Format Version 12.00
# Visual Studio Version 16
VisualStudioVersion = 16.0.28315.86
MinimumVisualStudioVersion = 10.0.40219.1
Project("{2150E333-8FDC-42A3-9474-1A3956D46DE8}") = "UI", "UI", "{E2C5D9EB-D288-4B0E-89FC-6C2F9949349C}"
EndProject
Project("{2150E333-8FDC-42A3-9474-1A3956D46DE8}") = "Application", "Application", "{24803097-E9E4-4DB1-92BD-CD93BFFBD0D7}"
EndProject
Project("{2150E333-8FDC-42A3-9474-1A3956D46DE8}") = "Repository", "Repository", "{17990191-A330-4975-A155-3A7AFE2AD5D7}"
EndProject
Project("{2150E333-8FDC-42A3-9474-1A3956D46DE8}") = "Entity", "Entity", "{CEE4D115-F921-4968-9D19-117C0420B211}"
EndProject
Project("{2150E333-8FDC-42A3-9474-1A3956D46DE8}") = "Infrastructure", "Infrastructure", "{5D57D58A-894C-41B6-B182-88280C330961}"
EndProject
Project("{2150E333-8FDC-42A3-9474-1A3956D46DE8}") = "Test", "Test", "{C5023D65-3BBD-4539-AE5D-64D1596693EE}"
EndProject
Project("{FAE04EC0-301F-11D3-BF4B-00C04F79EFBC}") = "Core.CMS.Admin", "Core.CMS.Admin\Core.CMS.Admin.csproj", "{7F21D5AC-2DAF-4916-AC69-026CB3034347}"
EndProject
Project("{FAE04EC0-301F-11D3-BF4B-00C04F79EFBC}") = "Core.CMS.Site", "Core.CMS.Site\Core.CMS.Site.csproj", "{86943531-9EA8-4430-9A26-C5F8D5F00856}"
EndProject
Project("{FAE04EC0-301F-11D3-BF4B-00C04F79EFBC}") = "Core.CMS.ViewModels", "Core.CMS.ViewModels\Core.CMS.ViewModels.csproj", "{EE4ACD34-F9E8-47EA-A68E-543CFCF6B93C}"
EndProject
Project("{FAE04EC0-301F-11D3-BF4B-00C04F79EFBC}") = "Core.CMS.Models", "Core.CMS.Models\Core.CMS.Models.csproj", "{3077447D-5305-4AD5-8076-A96EB5DAA62B}"
EndProject
Project("{FAE04EC0-301F-11D3-BF4B-00C04F79EFBC}") = "Core.CMS.Core", "Core.CMS.Core\Core.CMS.Core.csproj", "{DA2CC4B7-5326-4CBA-8E55-DFA3B474B4AE}"
EndProject
Project("{FAE04EC0-301F-11D3-BF4B-00C04F79EFBC}") = "Core.CMS.IRepository", "Core.CMS.IRepository\Core.CMS.IRepository.csproj", "{A3D58541-C82E-40FE-8C2C-CAEF4326A28A}"
EndProject
Project("{FAE04EC0-301F-11D3-BF4B-00C04F79EFBC}") = "Core.CMS.Repository.SqlServer", "Core.CMS.Repository.SqlServer\Core.CMS.Repository.SqlServer.csproj", "{3A4EF68F-6199-49FD-9520-21241406C2BD}"
EndProject
Project("{FAE04EC0-301F-11D3-BF4B-00C04F79EFBC}") = "Core.CMS.Test", "Core.CMS.Test\Core.CMS.Test.csproj", "{26D1A0A3-1120-4FB2-9770-305023D697A5}"
EndProject
Project("{FAE04EC0-301F-11D3-BF4B-00C04F79EFBC}") = "Core.CMS.IServices", "Core.CMS.IServices\Core.CMS.IServices.csproj", "{DEF1CF02-8DBC-4F71-BF40-F00D38A33DF1}"
EndProject
Project("{FAE04EC0-301F-11D3-BF4B-00C04F79EFBC}") = "Core.CMS.Services", "Core.CMS.Services\Core.CMS.Services.csproj", "{3676121C-9051-4CBF-BED2-DC8918EA9260}"
EndProject
Global
	GlobalSection(SolutionConfigurationPlatforms) = preSolution
		Debug|Any CPU = Debug|Any CPU
		Release|Any CPU = Release|Any CPU
	EndGlobalSection
	GlobalSection(ProjectConfigurationPlatforms) = postSolution
		{7F21D5AC-2DAF-4916-AC69-026CB3034347}.Debug|Any CPU.ActiveCfg = Debug|Any CPU
		{7F21D5AC-2DAF-4916-AC69-026CB3034347}.Debug|Any CPU.Build.0 = Debug|Any CPU
		{7F21D5AC-2DAF-4916-AC69-026CB3034347}.Release|Any CPU.ActiveCfg = Release|Any CPU
		{7F21D5AC-2DAF-4916-AC69-026CB3034347}.Release|Any CPU.Build.0 = Release|Any CPU
		{86943531-9EA8-4430-9A26-C5F8D5F00856}.Debug|Any CPU.ActiveCfg = Debug|Any CPU
		{86943531-9EA8-4430-9A26-C5F8D5F00856}.Debug|Any CPU.Build.0 = Debug|Any CPU
		{86943531-9EA8-4430-9A26-C5F8D5F00856}.Release|Any CPU.ActiveCfg = Release|Any CPU
		{86943531-9EA8-4430-9A26-C5F8D5F00856}.Release|Any CPU.Build.0 = Release|Any CPU
		{EE4ACD34-F9E8-47EA-A68E-543CFCF6B93C}.Debug|Any CPU.ActiveCfg = Debug|Any CPU
		{EE4ACD34-F9E8-47EA-A68E-543CFCF6B93C}.Debug|Any CPU.Build.0 = Debug|Any CPU
		{EE4ACD34-F9E8-47EA-A68E-543CFCF6B93C}.Release|Any CPU.ActiveCfg = Release|Any CPU
		{EE4ACD34-F9E8-47EA-A68E-543CFCF6B93C}.Release|Any CPU.Build.0 = Release|Any CPU
		{3077447D-5305-4AD5-8076-A96EB5DAA62B}.Debug|Any CPU.ActiveCfg = Debug|Any CPU
		{3077447D-5305-4AD5-8076-A96EB5DAA62B}.Debug|Any CPU.Build.0 = Debug|Any CPU
		{3077447D-5305-4AD5-8076-A96EB5DAA62B}.Release|Any CPU.ActiveCfg = Release|Any CPU
		{3077447D-5305-4AD5-8076-A96EB5DAA62B}.Release|Any CPU.Build.0 = Release|Any CPU
		{DA2CC4B7-5326-4CBA-8E55-DFA3B474B4AE}.Debug|Any CPU.ActiveCfg = Debug|Any CPU
		{DA2CC4B7-5326-4CBA-8E55-DFA3B474B4AE}.Debug|Any CPU.Build.0 = Debug|Any CPU
		{DA2CC4B7-5326-4CBA-8E55-DFA3B474B4AE}.Release|Any CPU.ActiveCfg = Release|Any CPU
		{DA2CC4B7-5326-4CBA-8E55-DFA3B474B4AE}.Release|Any CPU.Build.0 = Release|Any CPU
		{A3D58541-C82E-40FE-8C2C-CAEF4326A28A}.Debug|Any CPU.ActiveCfg = Debug|Any CPU
		{A3D58541-C82E-40FE-8C2C-CAEF4326A28A}.Debug|Any CPU.Build.0 = Debug|Any CPU
		{A3D58541-C82E-40FE-8C2C-CAEF4326A28A}.Release|Any CPU.ActiveCfg = Release|Any CPU
		{A3D58541-C82E-40FE-8C2C-CAEF4326A28A}.Release|Any CPU.Build.0 = Release|Any CPU
		{3A4EF68F-6199-49FD-9520-21241406C2BD}.Debug|Any CPU.ActiveCfg = Debug|Any CPU
		{3A4EF68F-6199-49FD-9520-21241406C2BD}.Debug|Any CPU.Build.0 = Debug|Any CPU
		{3A4EF68F-6199-49FD-9520-21241406C2BD}.Release|Any CPU.ActiveCfg = Release|Any CPU
		{3A4EF68F-6199-49FD-9520-21241406C2BD}.Release|Any CPU.Build.0 = Release|Any CPU
		{26D1A0A3-1120-4FB2-9770-305023D697A5}.Debug|Any CPU.ActiveCfg = Debug|Any CPU
		{26D1A0A3-1120-4FB2-9770-305023D697A5}.Debug|Any CPU.Build.0 = Debug|Any CPU
		{26D1A0A3-1120-4FB2-9770-305023D697A5}.Release|Any CPU.ActiveCfg = Release|Any CPU
		{26D1A0A3-1120-4FB2-9770-305023D697A5}.Release|Any CPU.Build.0 = Release|Any CPU
		{DEF1CF02-8DBC-4F71-BF40-F00D38A33DF1}.Debug|Any CPU.ActiveCfg = Debug|Any CPU
		{DEF1CF02-8DBC-4F71-BF40-F00D38A33DF1}.Debug|Any CPU.Build.0 = Debug|Any CPU
		{DEF1CF02-8DBC-4F71-BF40-F00D38A33DF1}.Release|Any CPU.ActiveCfg = Release|Any CPU
		{DEF1CF02-8DBC-4F71-BF40-F00D38A33DF1}.Release|Any CPU.Build.0 = Release|Any CPU
		{3676121C-9051-4CBF-BED2-DC8918EA9260}.Debug|Any CPU.ActiveCfg = Debug|Any CPU
		{3676121C-9051-4CBF-BED2-DC8918EA9260}.Debug|Any CPU.Build.0 = Debug|Any CPU
		{3676121C-9051-4CBF-BED2-DC8918EA9260}.Release|Any CPU.ActiveCfg = Release|Any CPU
		{3676121C-9051-4CBF-BED2-DC8918EA9260}.Release|Any CPU.Build.0 = Release|Any CPU
	EndGlobalSection
	GlobalSection(SolutionProperties) = preSolution
		HideSolutionNode = FALSE
	EndGlobalSection
	GlobalSection(NestedProjects) = preSolution
		{7F21D5AC-2DAF-4916-AC69-026CB3034347} = {E2C5D9EB-D288-4B0E-89FC-6C2F9949349C}
		{86943531-9EA8-4430-9A26-C5F8D5F00856} = {E2C5D9EB-D288-4B0E-89FC-6C2F9949349C}
		{EE4ACD34-F9E8-47EA-A68E-543CFCF6B93C} = {CEE4D115-F921-4968-9D19-117C0420B211}
		{3077447D-5305-4AD5-8076-A96EB5DAA62B} = {CEE4D115-F921-4968-9D19-117C0420B211}
		{DA2CC4B7-5326-4CBA-8E55-DFA3B474B4AE} = {5D57D58A-894C-41B6-B182-88280C330961}
		{A3D58541-C82E-40FE-8C2C-CAEF4326A28A} = {17990191-A330-4975-A155-3A7AFE2AD5D7}
		{3A4EF68F-6199-49FD-9520-21241406C2BD} = {17990191-A330-4975-A155-3A7AFE2AD5D7}
		{26D1A0A3-1120-4FB2-9770-305023D697A5} = {C5023D65-3BBD-4539-AE5D-64D1596693EE}
		{DEF1CF02-8DBC-4F71-BF40-F00D38A33DF1} = {24803097-E9E4-4DB1-92BD-CD93BFFBD0D7}
		{3676121C-9051-4CBF-BED2-DC8918EA9260} = {24803097-E9E4-4DB1-92BD-CD93BFFBD0D7}
	EndGlobalSection
	GlobalSection(ExtensibilityGlobals) = postSolution
		SolutionGuid = {3C0DC668-FA46-4EB9-A28F-3F179B4B0017}
	EndGlobalSection
EndGlobal
